
Microsoft Visual Studio Solution File, Format Version 12.00
# Visual Studio Version 16
VisualStudioVersion = 16.0.31702.278
MinimumVisualStudioVersion = 10.0.40219.1
Project("{FAE04EC0-301F-11D3-BF4B-00C04F79EFBC}") = "SimpleDelegateApp", "SimpleDelegateApp\SimpleDelegateApp.csproj", "{4D99D89A-63FA-4788-94A7-3592849DA7E2}"
EndProject
Global
	GlobalSection(SolutionConfigurationPlatforms) = preSolution
		Debug|Any CPU = Debug|Any CPU
		Release|Any CPU = Release|Any CPU
	EndGlobalSection
	GlobalSection(ProjectConfigurationPlatforms) = postSolution
		{4D99D89A-63FA-4788-94A7-3592849DA7E2}.Debug|Any CPU.ActiveCfg = Debug|Any CPU
		{4D99D89A-63FA-4788-94A7-3592849DA7E2}.Debug|Any CPU.Build.0 = Debug|Any CPU
		{4D99D89A-63FA-4788-94A7-3592849DA7E2}.Release|Any CPU.ActiveCfg = Release|Any CPU
		{4D99D89A-63FA-4788-94A7-3592849DA7E2}.Release|Any CPU.Build.0 = Release|Any CPU
	EndGlobalSection
	GlobalSection(SolutionProperties) = preSolution
		HideSolutionNode = FALSE
	EndGlobalSection
	GlobalSection(ExtensibilityGlobals) = postSolution
		SolutionGuid = {78A05CD2-C622-4417-904A-5579DD6C2480}
	EndGlobalSection
EndGlobal
