
Microsoft Visual Studio Solution File, Format Version 12.00
# Visual Studio Version 16
VisualStudioVersion = 16.0.31702.278
MinimumVisualStudioVersion = 10.0.40219.1
Project("{FAE04EC0-301F-11D3-BF4B-00C04F79EFBC}") = "SimpleDelegateAppV2", "SimpleDelegateAppV2\SimpleDelegateAppV2.csproj", "{536324F4-BFD1-4524-8BB6-1F1951064EDF}"
EndProject
Global
	GlobalSection(SolutionConfigurationPlatforms) = preSolution
		Debug|Any CPU = Debug|Any CPU
		Release|Any CPU = Release|Any CPU
	EndGlobalSection
	GlobalSection(ProjectConfigurationPlatforms) = postSolution
		{536324F4-BFD1-4524-8BB6-1F1951064EDF}.Debug|Any CPU.ActiveCfg = Debug|Any CPU
		{536324F4-BFD1-4524-8BB6-1F1951064EDF}.Debug|Any CPU.Build.0 = Debug|Any CPU
		{536324F4-BFD1-4524-8BB6-1F1951064EDF}.Release|Any CPU.ActiveCfg = Release|Any CPU
		{536324F4-BFD1-4524-8BB6-1F1951064EDF}.Release|Any CPU.Build.0 = Release|Any CPU
	EndGlobalSection
	GlobalSection(SolutionProperties) = preSolution
		HideSolutionNode = FALSE
	EndGlobalSection
	GlobalSection(ExtensibilityGlobals) = postSolution
		SolutionGuid = {704C6E46-2AA2-46B4-B3FA-D854E9D6644E}
	EndGlobalSection
EndGlobal
